
Microsoft Visual Studio Solution File, Format Version 12.00
# Visual Studio Version 17
VisualStudioVersion = 17.5.33424.131
MinimumVisualStudioVersion = 10.0.40219.1
Project("{8BC9CEB8-8B4A-11D0-8D11-00A0C91BC942}") = "STL", "STL\STL.vcxproj", "{94937650-6099-4C1A-BB6F-89027E1BDBE0}"
EndProject
Global
	GlobalSection(SolutionConfigurationPlatforms) = preSolution
		Debug|x64 = Debug|x64
		Debug|x86 = Debug|x86
		Release|x64 = Release|x64
		Release|x86 = Release|x86
	EndGlobalSection
	GlobalSection(ProjectConfigurationPlatforms) = postSolution
		{94937650-6099-4C1A-BB6F-89027E1BDBE0}.Debug|x64.ActiveCfg = Debug|x64
		{94937650-6099-4C1A-BB6F-89027E1BDBE0}.Debug|x64.Build.0 = Debug|x64
		{94937650-6099-4C1A-BB6F-89027E1BDBE0}.Debug|x86.ActiveCfg = Debug|Win32
		{94937650-6099-4C1A-BB6F-89027E1BDBE0}.Debug|x86.Build.0 = Debug|Win32
		{94937650-6099-4C1A-BB6F-89027E1BDBE0}.Release|x64.ActiveCfg = Release|x64
		{94937650-6099-4C1A-BB6F-89027E1BDBE0}.Release|x64.Build.0 = Release|x64
		{94937650-6099-4C1A-BB6F-89027E1BDBE0}.Release|x86.ActiveCfg = Release|Win32
		{94937650-6099-4C1A-BB6F-89027E1BDBE0}.Release|x86.Build.0 = Release|Win32
	EndGlobalSection
	GlobalSection(SolutionProperties) = preSolution
		HideSolutionNode = FALSE
	EndGlobalSection
	GlobalSection(ExtensibilityGlobals) = postSolution
		SolutionGuid = {221F2915-C2FC-4DA1-B40B-5B7975435394}
	EndGlobalSection
EndGlobal
